
Microsoft Visual Studio Solution File, Format Version 12.00
# Visual Studio Version 17
VisualStudioVersion = 17.4.33213.308
MinimumVisualStudioVersion = 10.0.40219.1
Project("{FAE04EC0-301F-11D3-BF4B-00C04F79EFBC}") = "Laba 2", "Laba 2\Laba 2.csproj", "{67145C02-EC7F-46A1-90C2-EF44460EF949}"
EndProject
Global
	GlobalSection(SolutionConfigurationPlatforms) = preSolution
		Debug|Any CPU = Debug|Any CPU
		Release|Any CPU = Release|Any CPU
	EndGlobalSection
	GlobalSection(ProjectConfigurationPlatforms) = postSolution
		{67145C02-EC7F-46A1-90C2-EF44460EF949}.Debug|Any CPU.ActiveCfg = Debug|Any CPU
		{67145C02-EC7F-46A1-90C2-EF44460EF949}.Debug|Any CPU.Build.0 = Debug|Any CPU
		{67145C02-EC7F-46A1-90C2-EF44460EF949}.Release|Any CPU.ActiveCfg = Release|Any CPU
		{67145C02-EC7F-46A1-90C2-EF44460EF949}.Release|Any CPU.Build.0 = Release|Any CPU
	EndGlobalSection
	GlobalSection(SolutionProperties) = preSolution
		HideSolutionNode = FALSE
	EndGlobalSection
	GlobalSection(ExtensibilityGlobals) = postSolution
		SolutionGuid = {3A4FD673-8890-4DE3-939B-5340218AF472}
	EndGlobalSection
EndGlobal
